
Microsoft Visual Studio Solution File, Format Version 12.00
# Visual Studio Version 17
VisualStudioVersion = 17.8.34330.188
MinimumVisualStudioVersion = 10.0.40219.1
Project("{FAE04EC0-301F-11D3-BF4B-00C04F79EFBC}") = "BookListMVC", "BookListMVC\BookListMVC.csproj", "{725B525E-BA77-4929-9CD9-91C2B51CCA19}"
EndProject
Global
	GlobalSection(SolutionConfigurationPlatforms) = preSolution
		Debug|Any CPU = Debug|Any CPU
		Release|Any CPU = Release|Any CPU
	EndGlobalSection
	GlobalSection(ProjectConfigurationPlatforms) = postSolution
		{725B525E-BA77-4929-9CD9-91C2B51CCA19}.Debug|Any CPU.ActiveCfg = Debug|Any CPU
		{725B525E-BA77-4929-9CD9-91C2B51CCA19}.Debug|Any CPU.Build.0 = Debug|Any CPU
		{725B525E-BA77-4929-9CD9-91C2B51CCA19}.Release|Any CPU.ActiveCfg = Release|Any CPU
		{725B525E-BA77-4929-9CD9-91C2B51CCA19}.Release|Any CPU.Build.0 = Release|Any CPU
	EndGlobalSection
	GlobalSection(SolutionProperties) = preSolution
		HideSolutionNode = FALSE
	EndGlobalSection
	GlobalSection(ExtensibilityGlobals) = postSolution
		SolutionGuid = {FF793A8A-EF68-43B8-BE0D-434DBAE920D7}
	EndGlobalSection
EndGlobal
